
Microsoft Visual Studio Solution File, Format Version 11.00
# Visual Studio 2010
Project("{FAE04EC0-301F-11D3-BF4B-00C04F79EFBC}") = "Net.Superliujian.Common.Net", "Net.Superliujian.Common.Net\Net.Superliujian.Common.Net.csproj", "{7F213A01-8404-4E75-86C9-34F63B26BBCB}"
EndProject
Global
	GlobalSection(SolutionConfigurationPlatforms) = preSolution
		Debug|Any CPU = Debug|Any CPU
		Release|Any CPU = Release|Any CPU
	EndGlobalSection
	GlobalSection(ProjectConfigurationPlatforms) = postSolution
		{7F213A01-8404-4E75-86C9-34F63B26BBCB}.Debug|Any CPU.ActiveCfg = Debug|Any CPU
		{7F213A01-8404-4E75-86C9-34F63B26BBCB}.Debug|Any CPU.Build.0 = Debug|Any CPU
		{7F213A01-8404-4E75-86C9-34F63B26BBCB}.Release|Any CPU.ActiveCfg = Release|Any CPU
		{7F213A01-8404-4E75-86C9-34F63B26BBCB}.Release|Any CPU.Build.0 = Release|Any CPU
	EndGlobalSection
	GlobalSection(SolutionProperties) = preSolution
		HideSolutionNode = FALSE
	EndGlobalSection
EndGlobal
